Microsoft Visual Studio Solution File, Format Version 12.00
Project("{FAE04EC0-301F-11D3-BF4B-00C04F79EFBC}") = "Assembly-CSharp", "CryptoTrades\Assembly-CSharp.csproj", "{556C65F6-D7BA-CF9F-6447-EBADBD83B1CE}"
EndProject
Project("{9A19103F-16F7-4668-BE54-9A1E7A4F7556}") = "_build", "build\_build.csproj", "{5D474D0B-A805-4921-B3E6-F8F0B1946E35}"
EndProject
Project("{FAE04EC0-301F-11D3-BF4B-00C04F79EFBC}") = "Unity.AI.Navigation", "CryptoTrades\Unity.AI.Navigation.csproj", "{57CED564-270D-3B5E-CCAD-F7E33DE75102}"
EndProject
Project("{FAE04EC0-301F-11D3-BF4B-00C04F79EFBC}") = "Unity.AI.Navigation.Editor.ConversionSystem", "CryptoTrades\Unity.AI.Navigation.Editor.ConversionSystem.csproj", "{F6C27011-F17A-0962-A980-E78A082CE0D6}"
EndProject
Project("{FAE04EC0-301F-11D3-BF4B-00C04F79EFBC}") = "Unity.AI.Navigation.Editor", "CryptoTrades\Unity.AI.Navigation.Editor.csproj", "{FCF2ABF6-7512-EC82-4ABF-D2400A2D5DE9}"
EndProject
Project("{FAE04EC0-301F-11D3-BF4B-00C04F79EFBC}") = "Unity.AI.Navigation.Updater", "CryptoTrades\Unity.AI.Navigation.Updater.csproj", "{014004B3-1E28-52B5-1869-E84340BAABAA}"
EndProject
Project("{FAE04EC0-301F-11D3-BF4B-00C04F79EFBC}") = "Unity.Rider.Editor", "CryptoTrades\Unity.Rider.Editor.csproj", "{93A55E19-F1EE-62BE-0CED-C89E5F172499}"
EndProject
Project("{FAE04EC0-301F-11D3-BF4B-00C04F79EFBC}") = "Unity.VisualStudio.Editor", "CryptoTrades\Unity.VisualStudio.Editor.csproj", "{D850D805-678A-3F50-6545-25A129413954}"
EndProject
Project("{FAE04EC0-301F-11D3-BF4B-00C04F79EFBC}") = "UnityEditor.TestRunner", "CryptoTrades\UnityEditor.TestRunner.csproj", "{AE093242-9BF2-0202-6733-8B3F003FACDC}"
EndProject
Project("{FAE04EC0-301F-11D3-BF4B-00C04F79EFBC}") = "UnityEngine.TestRunner", "CryptoTrades\UnityEngine.TestRunner.csproj", "{2B8D7643-E6A2-8D49-C5EF-FFAC6C452A98}"
EndProject
Global
	GlobalSection(SolutionConfigurationPlatforms) = preSolution
		Debug|Any CPU = Debug|Any CPU
		Release|Any CPU = Release|Any CPU
	EndGlobalSection
	GlobalSection(ProjectConfigurationPlatforms) = postSolution
		{556C65F6-D7BA-CF9F-6447-EBADBD83B1CE}.Debug|Any CPU.ActiveCfg = Debug|Any CPU
		{556C65F6-D7BA-CF9F-6447-EBADBD83B1CE}.Debug|Any CPU.Build.0 = Debug|Any CPU
		{556C65F6-D7BA-CF9F-6447-EBADBD83B1CE}.Release|Any CPU.ActiveCfg = Debug|Any CPU
		{5D474D0B-A805-4921-B3E6-F8F0B1946E35}.Debug|Any CPU.ActiveCfg = Debug|Any CPU
		{5D474D0B-A805-4921-B3E6-F8F0B1946E35}.Debug|Any CPU.Build.0 = Debug|Any CPU
		{5D474D0B-A805-4921-B3E6-F8F0B1946E35}.Release|Any CPU.ActiveCfg = Release|Any CPU
		{5D474D0B-A805-4921-B3E6-F8F0B1946E35}.Release|Any CPU.Build.0 = Release|Any CPU
		{57CED564-270D-3B5E-CCAD-F7E33DE75102}.Debug|Any CPU.ActiveCfg = Debug|Any CPU
		{57CED564-270D-3B5E-CCAD-F7E33DE75102}.Debug|Any CPU.Build.0 = Debug|Any CPU
		{57CED564-270D-3B5E-CCAD-F7E33DE75102}.Release|Any CPU.ActiveCfg = Debug|Any CPU
		{F6C27011-F17A-0962-A980-E78A082CE0D6}.Debug|Any CPU.ActiveCfg = Debug|Any CPU
		{F6C27011-F17A-0962-A980-E78A082CE0D6}.Debug|Any CPU.Build.0 = Debug|Any CPU
		{F6C27011-F17A-0962-A980-E78A082CE0D6}.Release|Any CPU.ActiveCfg = Debug|Any CPU
		{FCF2ABF6-7512-EC82-4ABF-D2400A2D5DE9}.Debug|Any CPU.ActiveCfg = Debug|Any CPU
		{FCF2ABF6-7512-EC82-4ABF-D2400A2D5DE9}.Debug|Any CPU.Build.0 = Debug|Any CPU
		{FCF2ABF6-7512-EC82-4ABF-D2400A2D5DE9}.Release|Any CPU.ActiveCfg = Debug|Any CPU
		{014004B3-1E28-52B5-1869-E84340BAABAA}.Debug|Any CPU.ActiveCfg = Debug|Any CPU
		{014004B3-1E28-52B5-1869-E84340BAABAA}.Debug|Any CPU.Build.0 = Debug|Any CPU
		{014004B3-1E28-52B5-1869-E84340BAABAA}.Release|Any CPU.ActiveCfg = Debug|Any CPU
		{93A55E19-F1EE-62BE-0CED-C89E5F172499}.Debug|Any CPU.ActiveCfg = Debug|Any CPU
		{93A55E19-F1EE-62BE-0CED-C89E5F172499}.Debug|Any CPU.Build.0 = Debug|Any CPU
		{93A55E19-F1EE-62BE-0CED-C89E5F172499}.Release|Any CPU.ActiveCfg = Debug|Any CPU
		{D850D805-678A-3F50-6545-25A129413954}.Debug|Any CPU.ActiveCfg = Debug|Any CPU
		{D850D805-678A-3F50-6545-25A129413954}.Debug|Any CPU.Build.0 = Debug|Any CPU
		{D850D805-678A-3F50-6545-25A129413954}.Release|Any CPU.ActiveCfg = Debug|Any CPU
		{AE093242-9BF2-0202-6733-8B3F003FACDC}.Debug|Any CPU.ActiveCfg = Debug|Any CPU
		{AE093242-9BF2-0202-6733-8B3F003FACDC}.Debug|Any CPU.Build.0 = Debug|Any CPU
		{AE093242-9BF2-0202-6733-8B3F003FACDC}.Release|Any CPU.ActiveCfg = Debug|Any CPU
		{2B8D7643-E6A2-8D49-C5EF-FFAC6C452A98}.Debug|Any CPU.ActiveCfg = Debug|Any CPU
		{2B8D7643-E6A2-8D49-C5EF-FFAC6C452A98}.Debug|Any CPU.Build.0 = Debug|Any CPU
		{2B8D7643-E6A2-8D49-C5EF-FFAC6C452A98}.Release|Any CPU.ActiveCfg = Debug|Any CPU
	EndGlobalSection
	GlobalSection(SolutionProperties) = preSolution
		HideSolutionNode = FALSE
	EndGlobalSection
	GlobalSection(ExtensibilityGlobals) = postSolution
		SolutionGuid = {C12066D0-9249-451C-B7DC-53B23DC3CAE6}
	EndGlobalSection
EndGlobal
